
Microsoft Visual Studio Solution File, Format Version 12.00
# Visual Studio Version 17
VisualStudioVersion = 17.9.34902.65
MinimumVisualStudioVersion = 10.0.40219.1
Project("{9A19103F-16F7-4668-BE54-9A1E7A4F7556}") = "eAppointmentServer.Domain", "eAppointmentServer.Domain\eAppointmentServer.Domain.csproj", "{229EC3FD-DE4C-411C-A9E5-EC00476E74C6}"
EndProject
Project("{FAE04EC0-301F-11D3-BF4B-00C04F79EFBC}") = "eAppointmentServer.Application", "eAppointmentServer.Application\eAppointmentServer.Application.csproj", "{D2980422-FD18-464E-8D9B-6D390C02E144}"
EndProject
Project("{FAE04EC0-301F-11D3-BF4B-00C04F79EFBC}") = "eAppointmentServer.Infrastructure", "eAppointmentServer.Infrastructure\eAppointmentServer.Infrastructure.csproj", "{C714EBAA-018A-41C0-9307-DE2803F2B42A}"
EndProject
Global
	GlobalSection(SolutionConfigurationPlatforms) = preSolution
		Debug|Any CPU = Debug|Any CPU
		Release|Any CPU = Release|Any CPU
	EndGlobalSection
	GlobalSection(ProjectConfigurationPlatforms) = postSolution
		{229EC3FD-DE4C-411C-A9E5-EC00476E74C6}.Debug|Any CPU.ActiveCfg = Debug|Any CPU
		{229EC3FD-DE4C-411C-A9E5-EC00476E74C6}.Debug|Any CPU.Build.0 = Debug|Any CPU
		{229EC3FD-DE4C-411C-A9E5-EC00476E74C6}.Release|Any CPU.ActiveCfg = Release|Any CPU
		{229EC3FD-DE4C-411C-A9E5-EC00476E74C6}.Release|Any CPU.Build.0 = Release|Any CPU
		{D2980422-FD18-464E-8D9B-6D390C02E144}.Debug|Any CPU.ActiveCfg = Debug|Any CPU
		{D2980422-FD18-464E-8D9B-6D390C02E144}.Debug|Any CPU.Build.0 = Debug|Any CPU
		{D2980422-FD18-464E-8D9B-6D390C02E144}.Release|Any CPU.ActiveCfg = Release|Any CPU
		{D2980422-FD18-464E-8D9B-6D390C02E144}.Release|Any CPU.Build.0 = Release|Any CPU
		{C714EBAA-018A-41C0-9307-DE2803F2B42A}.Debug|Any CPU.ActiveCfg = Debug|Any CPU
		{C714EBAA-018A-41C0-9307-DE2803F2B42A}.Debug|Any CPU.Build.0 = Debug|Any CPU
		{C714EBAA-018A-41C0-9307-DE2803F2B42A}.Release|Any CPU.ActiveCfg = Release|Any CPU
		{C714EBAA-018A-41C0-9307-DE2803F2B42A}.Release|Any CPU.Build.0 = Release|Any CPU
	EndGlobalSection
	GlobalSection(SolutionProperties) = preSolution
		HideSolutionNode = FALSE
	EndGlobalSection
	GlobalSection(ExtensibilityGlobals) = postSolution
		SolutionGuid = {1D4F2F43-6BBA-403C-AC07-4B7F4B5B2E29}
	EndGlobalSection
EndGlobal
